
Microsoft Visual Studio Solution File, Format Version 12.00
# Visual Studio Version 17
VisualStudioVersion = 17.7.34024.191
MinimumVisualStudioVersion = 10.0.40219.1
Project("{FAE04EC0-301F-11D3-BF4B-00C04F79EFBC}") = "eytanOOP", "eytanOOP\eytanOOP.csproj", "{77BD41F7-3017-4E6C-8429-33B0B13C16B7}"
EndProject
Global
	GlobalSection(SolutionConfigurationPlatforms) = preSolution
		Debug|Any CPU = Debug|Any CPU
		Release|Any CPU = Release|Any CPU
	EndGlobalSection
	GlobalSection(ProjectConfigurationPlatforms) = postSolution
		{77BD41F7-3017-4E6C-8429-33B0B13C16B7}.Debug|Any CPU.ActiveCfg = Debug|Any CPU
		{77BD41F7-3017-4E6C-8429-33B0B13C16B7}.Debug|Any CPU.Build.0 = Debug|Any CPU
		{77BD41F7-3017-4E6C-8429-33B0B13C16B7}.Release|Any CPU.ActiveCfg = Release|Any CPU
		{77BD41F7-3017-4E6C-8429-33B0B13C16B7}.Release|Any CPU.Build.0 = Release|Any CPU
	EndGlobalSection
	GlobalSection(SolutionProperties) = preSolution
		HideSolutionNode = FALSE
	EndGlobalSection
	GlobalSection(ExtensibilityGlobals) = postSolution
		SolutionGuid = {8A020817-9ABF-4CB9-97BC-843DA25DF041}
	EndGlobalSection
EndGlobal
